{
    "name": "@jsprismarine/nbt",
    "version": "0.1.0-rc.49",
    "lockfileVersion": 2,
    "requires": true,
    "packages": {
        "": {
            "name": "@jsprismarine/nbt",
            "version": "0.1.0-rc.49",
            "license": "MIT",
            "dependencies": {
                "@jsprismarine/jsbinaryutils": "^2.1.8"
            },
            "devDependencies": {
                "typescript": "4.2.4"
            },
            "funding": {
                "url": "https://github.com/sponsors/JSPrismarine"
            }
        },
        "node_modules/@jsprismarine/jsbinaryutils": {
            "version": "2.1.8",
            "resolved": "https://registry.npmjs.org/@jsprismarine/jsbinaryutils/-/jsbinaryutils-2.1.8.tgz",
            "integrity": "sha512-LF/SoqxePoefpURkoDS5S7xxUcynTTXB/4QEqgFaiyylU+el1p9vJeqAG7OmtBvmb56lOimumHTUx62495al0A=="
        },
        "node_modules/typescript": {
            "version": "4.2.4",
            "resolved": "https://registry.npmjs.org/typescript/-/typescript-4.2.4.tgz",
            "integrity": "sha512-V+evlYHZnQkaz8TRBuxTA92yZBPotr5H+WhQ7bD3hZUndx5tGOa1fuCgeSjxAzM1RiN5IzvadIXTVefuuwZCRg==",
            "dev": true,
            "bin": {
                "tsc": "bin/tsc",
                "tsserver": "bin/tsserver"
            },
            "engines": {
                "node": ">=4.2.0"
            }
        }
    },
    "dependencies": {
        "@jsprismarine/jsbinaryutils": {
            "version": "2.1.8",
            "resolved": "https://registry.npmjs.org/@jsprismarine/jsbinaryutils/-/jsbinaryutils-2.1.8.tgz",
            "integrity": "sha512-LF/SoqxePoefpURkoDS5S7xxUcynTTXB/4QEqgFaiyylU+el1p9vJeqAG7OmtBvmb56lOimumHTUx62495al0A=="
        },
        "typescript": {
            "version": "4.2.4",
            "resolved": "https://registry.npmjs.org/typescript/-/typescript-4.2.4.tgz",
            "integrity": "sha512-V+evlYHZnQkaz8TRBuxTA92yZBPotr5H+WhQ7bD3hZUndx5tGOa1fuCgeSjxAzM1RiN5IzvadIXTVefuuwZCRg==",
            "dev": true
        }
    }
}
