{
	"name": "@jsprismarine/nbt",
	"version": "0.1.0-rc.49",
	"lockfileVersion": 2,
	"requires": true,
	"packages": {
		"": {
			"name": "@jsprismarine/nbt",
			"version": "0.1.0-rc.49",
			"license": "MIT",
			"dependencies": {
				"@jsprismarine/jsbinaryutils": "^2.1.8"
			},
			"funding": {
				"url": "https://github.com/sponsors/JSPrismarine"
			}
		},
		"node_modules/@jsprismarine/jsbinaryutils": {
			"version": "2.1.8",
			"resolved": "https://registry.npmjs.org/@jsprismarine/jsbinaryutils/-/jsbinaryutils-2.1.8.tgz",
			"integrity": "sha512-LF/SoqxePoefpURkoDS5S7xxUcynTTXB/4QEqgFaiyylU+el1p9vJeqAG7OmtBvmb56lOimumHTUx62495al0A=="
		}
	},
	"dependencies": {
		"@jsprismarine/jsbinaryutils": {
			"version": "2.1.8",
			"resolved": "https://registry.npmjs.org/@jsprismarine/jsbinaryutils/-/jsbinaryutils-2.1.8.tgz",
			"integrity": "sha512-LF/SoqxePoefpURkoDS5S7xxUcynTTXB/4QEqgFaiyylU+el1p9vJeqAG7OmtBvmb56lOimumHTUx62495al0A=="
		}
	}
}
