{
	"name": "@jsprismarine/nbt",
	"version": "0.1.0-rc.49",
	"lockfileVersion": 1,
	"requires": true,
	"dependencies": {
		"@jsprismarine/jsbinaryutils": {
			"version": "2.1.8",
			"resolved": "https://registry.npmjs.org/@jsprismarine/jsbinaryutils/-/jsbinaryutils-2.1.8.tgz",
			"integrity": "sha512-LF/SoqxePoefpURkoDS5S7xxUcynTTXB/4QEqgFaiyylU+el1p9vJeqAG7OmtBvmb56lOimumHTUx62495al0A=="
		},
		"typescript": {
			"version": "4.3.5",
			"resolved": "https://registry.npmjs.org/typescript/-/typescript-4.3.5.tgz",
			"integrity": "sha512-DqQgihaQ9cUrskJo9kIyW/+g0Vxsk8cDtZ52a3NGh0YNTfpUSArXSohyUGnvbPazEPLu398C0UxmKSOrPumUzA==",
			"dev": true
		}
	}
}
