{
  "name": "jsprismarine",
  "version": "1.0.0",
  "lockfileVersion": 1,
  "requires": true,
  "dependencies": {
    "jsbinaryutils": {
      "version": "1.0.7",
      "resolved": "https://registry.npmjs.org/jsbinaryutils/-/jsbinaryutils-1.0.7.tgz",
      "integrity": "sha512-piT5R8p3u0Tx0gRbf0n99TPTDQaezQ7Y8Ao2ZIUhdWGkv7K3DBHP9ieIIf3Exo+mF8UXHSx635g7emQM8n19aA=="
    },
    "jsraknet": {
      "version": "1.0.5",
      "resolved": "https://registry.npmjs.org/jsraknet/-/jsraknet-1.0.5.tgz",
      "integrity": "sha512-Fjf+tmNoe1R92+fGrJNAuM0adLIgf/bnOdkZ5QdZBuSeHEoJGzRnSxmY5Wj9pvMp4z/rAVlGhYHF/AP9YCTSrQ==",
      "requires": {
        "jsbinaryutils": "^1.0.5"
      }
    },
    "jwt-decode": {
      "version": "2.2.0",
      "resolved": "https://registry.npmjs.org/jwt-decode/-/jwt-decode-2.2.0.tgz",
      "integrity": "sha1-fYa9VmefWM5qhHBKZX3TkruoGnk="
    }
  }
}
