{
	"name": "@jsprismarine/prismarine",
	"version": "0.1.0-rc.49",
	"lockfileVersion": 1,
	"requires": true,
	"dependencies": {
		"@jsprismarine/bedrock-data": {
			"version": "1.16.210-c",
			"resolved": "https://registry.npmjs.org/@jsprismarine/bedrock-data/-/bedrock-data-1.16.210-c.tgz",
			"integrity": "sha512-JcooDG+NFsDoUiB/oWqaii/jYBb8W0w2o2Ur+Y8JkZTmWQZw7l05G/WTudYytt2E+xOhb8cAbgY4/sRIXEqmGA=="
		},
		"evt": {
			"version": "1.9.14",
			"resolved": "https://registry.npmjs.org/evt/-/evt-1.9.14.tgz",
			"integrity": "sha512-4/KDGBNZsbyqiZ0OqQVbuFKQxYvJ8g/VENehxkR0yd1xEtmzql/NP5uTQBH+VCfc0vmtHV6wARCWLfit8WlTZA==",
			"requires": {
				"minimal-polyfills": "^2.1.5",
				"run-exclusive": "^2.2.14"
			},
			"dependencies": {
				"minimal-polyfills": {
					"version": "2.1.6",
					"resolved": "https://registry.npmjs.org/minimal-polyfills/-/minimal-polyfills-2.1.6.tgz",
					"integrity": "sha512-vqoxj7eMzsqX0M6/dkgoNFPw6Mztgn5qjSl0bWGboQeU7Y4UPLeyoqQw6JI+0qmBcJYdkr3nK7dqY8u/fgRp5g=="
				},
				"run-exclusive": {
					"version": "2.2.14",
					"resolved": "https://registry.npmjs.org/run-exclusive/-/run-exclusive-2.2.14.tgz",
					"integrity": "sha512-NHaQfB3zPJFx7p4M06AcmoK8xz/h8YDMCdy3jxfyoC9VqIbl1U+DiVjUuAYZBRMwvj5qkQnOUGfsmyUC4k46dg==",
					"requires": {
						"minimal-polyfills": "^2.1.5"
					}
				}
			}
		}
	}
}
