{
	"name": "@jsprismarine/prismarine",
	"version": "0.1.0-rc.49",
	"lockfileVersion": 2,
	"requires": true,
	"packages": {
		"": {
			"name": "@jsprismarine/prismarine",
			"version": "0.1.0-rc.49",
			"license": "MPL-2.0",
			"dependencies": {
				"workerpool": "^6.1.2"
			},
			"funding": {
				"url": "https://github.com/sponsors/JSPrismarine"
			}
		},
		"node_modules/workerpool": {
			"version": "6.1.4",
			"resolved": "https://registry.npmjs.org/workerpool/-/workerpool-6.1.4.tgz",
			"integrity": "sha512-jGWPzsUqzkow8HoAvqaPWTUPCrlPJaJ5tY8Iz7n1uCz3tTp6s3CDG0FF1NsX42WNlkRSW6Mr+CDZGnNoSsKa7g=="
		}
	},
	"dependencies": {
		"workerpool": {
			"version": "6.1.4",
			"resolved": "https://registry.npmjs.org/workerpool/-/workerpool-6.1.4.tgz",
			"integrity": "sha512-jGWPzsUqzkow8HoAvqaPWTUPCrlPJaJ5tY8Iz7n1uCz3tTp6s3CDG0FF1NsX42WNlkRSW6Mr+CDZGnNoSsKa7g=="
		}
	}
}
