{
    "name": "@jsprismarine/color-parser",
    "version": "0.1.0-rc.52",
    "lockfileVersion": 2,
    "requires": true,
    "packages": {
        "": {
            "name": "@jsprismarine/color-parser",
            "version": "0.1.0-rc.52",
            "license": "MIT",
            "devDependencies": {
                "typescript": "5.2.2"
            },
            "funding": {
                "url": "https://github.com/sponsors/JSPrismarine"
            }
        }
    },
    "dependencies": {
        "typescript": {
            "version": "4.3.5",
            "resolved": "https://registry.npmjs.org/typescript/-/typescript-4.3.5.tgz",
            "integrity": "sha512-DqQgihaQ9cUrskJo9kIyW/+g0Vxsk8cDtZ52a3NGh0YNTfpUSArXSohyUGnvbPazEPLu398C0UxmKSOrPumUzA==",
            "dev": true
        }
    }
}
