{
    "name": "@jsprismarine/raknet",
    "version": "0.1.0-rc.42",
    "lockfileVersion": 1,
    "requires": true,
    "dependencies": {
        "@jsprismarine/jsbinaryutils": {
            "version": "2.1.8",
            "resolved": "https://registry.npmjs.org/@jsprismarine/jsbinaryutils/-/jsbinaryutils-2.1.8.tgz",
            "integrity": "sha512-LF/SoqxePoefpURkoDS5S7xxUcynTTXB/4QEqgFaiyylU+el1p9vJeqAG7OmtBvmb56lOimumHTUx62495al0A=="
        },
        "typescript": {
            "version": "4.1.5",
            "resolved": "https://registry.npmjs.org/typescript/-/typescript-4.1.5.tgz",
            "integrity": "sha512-6OSu9PTIzmn9TCDiovULTnET6BgXtDYL4Gg4szY+cGsc3JP1dQL8qvE8kShTRx1NIw4Q9IBHlwODjkjWEtMUyA==",
            "dev": true
        }
    }
}
